
Microsoft Visual Studio Solution File, Format Version 12.00
# Visual Studio 15
VisualStudioVersion = 15.0.27703.2042
MinimumVisualStudioVersion = 10.0.40219.1
Project("{FAE04EC0-301F-11D3-BF4B-00C04F79EFBC}") = "FirstApplication", "FirstApplication\FirstApplication.csproj", "{5C2352A6-6A1B-41DE-820F-21777B8BA567}"
EndProject
Project("{FAE04EC0-301F-11D3-BF4B-00C04F79EFBC}") = "PrjSecond", "PrjSecond\PrjSecond.csproj", "{9E09F01B-F4BD-4269-8C27-20625E051D04}"
EndProject
Global
	GlobalSection(SolutionConfigurationPlatforms) = preSolution
		Debug|Any CPU = Debug|Any CPU
		Release|Any CPU = Release|Any CPU
	EndGlobalSection
	GlobalSection(ProjectConfigurationPlatforms) = postSolution
		{5C2352A6-6A1B-41DE-820F-21777B8BA567}.Debug|Any CPU.ActiveCfg = Debug|Any CPU
		{5C2352A6-6A1B-41DE-820F-21777B8BA567}.Debug|Any CPU.Build.0 = Debug|Any CPU
		{5C2352A6-6A1B-41DE-820F-21777B8BA567}.Release|Any CPU.ActiveCfg = Release|Any CPU
		{5C2352A6-6A1B-41DE-820F-21777B8BA567}.Release|Any CPU.Build.0 = Release|Any CPU
		{9E09F01B-F4BD-4269-8C27-20625E051D04}.Debug|Any CPU.ActiveCfg = Debug|Any CPU
		{9E09F01B-F4BD-4269-8C27-20625E051D04}.Debug|Any CPU.Build.0 = Debug|Any CPU
		{9E09F01B-F4BD-4269-8C27-20625E051D04}.Release|Any CPU.ActiveCfg = Release|Any CPU
		{9E09F01B-F4BD-4269-8C27-20625E051D04}.Release|Any CPU.Build.0 = Release|Any CPU
	EndGlobalSection
	GlobalSection(SolutionProperties) = preSolution
		HideSolutionNode = FALSE
	EndGlobalSection
	GlobalSection(ExtensibilityGlobals) = postSolution
		SolutionGuid = {A1B647A7-CFB6-4311-B6A6-63B18CB5F486}
	EndGlobalSection
EndGlobal
