
Microsoft Visual Studio Solution File, Format Version 12.00
# Visual Studio 15
VisualStudioVersion = 15.0.27703.2042
MinimumVisualStudioVersion = 10.0.40219.1
Project("{FAE04EC0-301F-11D3-BF4B-00C04F79EFBC}") = "MethodEg", "MethodEg\MethodEg.csproj", "{12B10B7C-8CF9-41BA-84A1-69C27E5F2501}"
EndProject
Project("{FAE04EC0-301F-11D3-BF4B-00C04F79EFBC}") = "Classes_and_Objects", "Classes_and_Objects\Classes_and_Objects.csproj", "{6F39EF7A-EF6E-408C-9E30-2D53B0BBEDC2}"
EndProject
Global
	GlobalSection(SolutionConfigurationPlatforms) = preSolution
		Debug|Any CPU = Debug|Any CPU
		Release|Any CPU = Release|Any CPU
	EndGlobalSection
	GlobalSection(ProjectConfigurationPlatforms) = postSolution
		{12B10B7C-8CF9-41BA-84A1-69C27E5F2501}.Debug|Any CPU.ActiveCfg = Debug|Any CPU
		{12B10B7C-8CF9-41BA-84A1-69C27E5F2501}.Debug|Any CPU.Build.0 = Debug|Any CPU
		{12B10B7C-8CF9-41BA-84A1-69C27E5F2501}.Release|Any CPU.ActiveCfg = Release|Any CPU
		{12B10B7C-8CF9-41BA-84A1-69C27E5F2501}.Release|Any CPU.Build.0 = Release|Any CPU
		{6F39EF7A-EF6E-408C-9E30-2D53B0BBEDC2}.Debug|Any CPU.ActiveCfg = Debug|Any CPU
		{6F39EF7A-EF6E-408C-9E30-2D53B0BBEDC2}.Debug|Any CPU.Build.0 = Debug|Any CPU
		{6F39EF7A-EF6E-408C-9E30-2D53B0BBEDC2}.Release|Any CPU.ActiveCfg = Release|Any CPU
		{6F39EF7A-EF6E-408C-9E30-2D53B0BBEDC2}.Release|Any CPU.Build.0 = Release|Any CPU
	EndGlobalSection
	GlobalSection(SolutionProperties) = preSolution
		HideSolutionNode = FALSE
	EndGlobalSection
	GlobalSection(ExtensibilityGlobals) = postSolution
		SolutionGuid = {FF15BC53-80E0-4F29-B4CE-4F3BCE275F7F}
	EndGlobalSection
EndGlobal
